
Microsoft Visual Studio Solution File, Format Version 12.00
# Visual Studio Version 17
VisualStudioVersion = 17.9.34728.123
MinimumVisualStudioVersion = 10.0.40219.1
Project("{FAE04EC0-301F-11D3-BF4B-00C04F79EFBC}") = "QuanLyTruongHoc", "QuanLyTruongHoc\QuanLyTruongHoc.csproj", "{04AC6741-CF26-40CC-BB15-E522DE929AF1}"
EndProject
Global
	GlobalSection(SolutionConfigurationPlatforms) = preSolution
		Debug|Any CPU = Debug|Any CPU
		Release|Any CPU = Release|Any CPU
	EndGlobalSection
	GlobalSection(ProjectConfigurationPlatforms) = postSolution
		{04AC6741-CF26-40CC-BB15-E522DE929AF1}.Debug|Any CPU.ActiveCfg = Debug|Any CPU
		{04AC6741-CF26-40CC-BB15-E522DE929AF1}.Debug|Any CPU.Build.0 = Debug|Any CPU
		{04AC6741-CF26-40CC-BB15-E522DE929AF1}.Release|Any CPU.ActiveCfg = Release|Any CPU
		{04AC6741-CF26-40CC-BB15-E522DE929AF1}.Release|Any CPU.Build.0 = Release|Any CPU
	EndGlobalSection
	GlobalSection(SolutionProperties) = preSolution
		HideSolutionNode = FALSE
	EndGlobalSection
	GlobalSection(ExtensibilityGlobals) = postSolution
		SolutionGuid = {D529E093-6641-4764-86AD-A9235DCDF9E7}
	EndGlobalSection
EndGlobal
